{
  "name": "@webinstall/webi-installers",
  "version": "1.0.0",
  "lockfileVersion": 1,
  "requires": true,
  "dependencies": {
    "@root/request": {
      "version": "1.6.1",
      "resolved": "https://registry.npmjs.org/@root/request/-/request-1.6.1.tgz",
      "integrity": "sha512-8wrWyeBLRp7T8J36GkT3RODJ6zYmL0/maWlAUD5LOXT28D3TDquUepyYDKYANNA3Gc8R5ZCgf+AXvSTYpJEWwQ=="
    },
    "dotenv": {
      "version": "8.2.0",
      "resolved": "https://registry.npmjs.org/dotenv/-/dotenv-8.2.0.tgz",
      "integrity": "sha512-8sJ78ElpbDJBHNeBzUbUVLsqKdccaa/BXF1uPTw3GrvQTBgrQrtObr2mUrE38vzYd8cEv+m/JBfDLioYcfXoaw=="
    },
    "marked": {
      "version": "4.1.1",
      "resolved": "https://registry.npmjs.org/marked/-/marked-4.1.1.tgz",
      "integrity": "sha512-0cNMnTcUJPxbA6uWmCmjWz4NJRe/0Xfk2NhXCUHjew9qJzFN20krFnsUe7QynwqOwa5m1fZ4UDg0ycKFVC0ccw=="
    }
  }
}
